{
  "name": "ss13chemistry",
  "version": "0.0.1",
  "lockfileVersion": 1,
  "requires": true,
  "dependencies": {
    "json-stringify-safe": {
      "version": "5.0.1",
      "resolved": "https://registry.npmjs.org/json-stringify-safe/-/json-stringify-safe-5.0.1.tgz",
      "integrity": "sha1-Epai1Y/UXxmg9s4B1lcB4sc1tus="
    },
    "myna-parser": {
      "version": "2.5.1",
      "resolved": "https://registry.npmjs.org/myna-parser/-/myna-parser-2.5.1.tgz",
      "integrity": "sha512-eQBQpP91k1WiusCw2XPziVgUK+D8ISWyEKtJqmEWv28V+KYmEn9p+sm5l9502fIbzM8eVFH2PIx3JnptmQ1hGA=="
    }
  }
}
